
Microsoft Visual Studio Solution File, Format Version 12.00
Project("{FAE04EC0-301F-11D3-BF4B-00C04F79EFBC}") = "Euler", "Euler\Euler.csproj", "{287F1348-5F80-429D-A4B9-EEC1684BC43B}"
EndProject
Project("{FAE04EC0-301F-11D3-BF4B-00C04F79EFBC}") = "EulerLib", "EulerLib\EulerLib.csproj", "{D85CC772-A3E3-427D-8D89-DB0C44F0B7E9}"
EndProject
Project("{FAE04EC0-301F-11D3-BF4B-00C04F79EFBC}") = "EulerLibTests", "EulerLibTests\EulerLibTests.csproj", "{2F117928-8DB7-4155-9DA7-459EB6012CF1}"
EndProject
Global
	GlobalSection(SolutionConfigurationPlatforms) = preSolution
		Debug|Any CPU = Debug|Any CPU
		Release|Any CPU = Release|Any CPU
	EndGlobalSection
	GlobalSection(ProjectConfigurationPlatforms) = postSolution
		{287F1348-5F80-429D-A4B9-EEC1684BC43B}.Debug|Any CPU.ActiveCfg = Debug|Any CPU
		{287F1348-5F80-429D-A4B9-EEC1684BC43B}.Debug|Any CPU.Build.0 = Debug|Any CPU
		{287F1348-5F80-429D-A4B9-EEC1684BC43B}.Release|Any CPU.ActiveCfg = Release|Any CPU
		{287F1348-5F80-429D-A4B9-EEC1684BC43B}.Release|Any CPU.Build.0 = Release|Any CPU
		{D85CC772-A3E3-427D-8D89-DB0C44F0B7E9}.Debug|Any CPU.ActiveCfg = Debug|Any CPU
		{D85CC772-A3E3-427D-8D89-DB0C44F0B7E9}.Debug|Any CPU.Build.0 = Debug|Any CPU
		{D85CC772-A3E3-427D-8D89-DB0C44F0B7E9}.Release|Any CPU.ActiveCfg = Release|Any CPU
		{D85CC772-A3E3-427D-8D89-DB0C44F0B7E9}.Release|Any CPU.Build.0 = Release|Any CPU
		{2F117928-8DB7-4155-9DA7-459EB6012CF1}.Debug|Any CPU.ActiveCfg = Debug|Any CPU
		{2F117928-8DB7-4155-9DA7-459EB6012CF1}.Debug|Any CPU.Build.0 = Debug|Any CPU
		{2F117928-8DB7-4155-9DA7-459EB6012CF1}.Release|Any CPU.ActiveCfg = Release|Any CPU
		{2F117928-8DB7-4155-9DA7-459EB6012CF1}.Release|Any CPU.Build.0 = Release|Any CPU
	EndGlobalSection
EndGlobal
